Microsoft Visual Studio Solution File, Format Version 12.00
# Visual Studio Version 17
VisualStudioVersion = 17.5.2.0
MinimumVisualStudioVersion = 10.0.40219.1
Project("{FAE04EC0-301F-11D3-BF4B-00C04F79EFBC}") = "albumapi_csharp", "src\albumapi_csharp.csproj", "{5AE231E8-93EF-88AB-B181-90F7809EBFCB}"
EndProject
Global
	GlobalSection(SolutionConfigurationPlatforms) = preSolution
		Debug|Any CPU = Debug|Any CPU
		Release|Any CPU = Release|Any CPU
	EndGlobalSection
	GlobalSection(ProjectConfigurationPlatforms) = postSolution
		{5AE231E8-93EF-88AB-B181-90F7809EBFCB}.Debug|Any CPU.ActiveCfg = Debug|Any CPU
		{5AE231E8-93EF-88AB-B181-90F7809EBFCB}.Debug|Any CPU.Build.0 = Debug|Any CPU
		{5AE231E8-93EF-88AB-B181-90F7809EBFCB}.Release|Any CPU.ActiveCfg = Release|Any CPU
		{5AE231E8-93EF-88AB-B181-90F7809EBFCB}.Release|Any CPU.Build.0 = Release|Any CPU
	EndGlobalSection
	GlobalSection(SolutionProperties) = preSolution
		HideSolutionNode = FALSE
	EndGlobalSection
	GlobalSection(ExtensibilityGlobals) = postSolution
		SolutionGuid = {C6F9FD3D-0FD0-4BBA-8D44-B62F70274C4B}
	EndGlobalSection
EndGlobal
